# THIS IS AN AUTOGENERATED FILE. DO NOT EDIT THIS FILE DIRECTLY.
# yarn lockfile v1


"@types/random-name@^0.1.0":
  version "0.1.0"
  resolved "https://registry.yarnpkg.com/@types/random-name/-/random-name-0.1.0.tgz#cd2a329c15850a067841f38f7939691eeec01bf4"
  integrity sha512-QA0nl1t7RN1k5YeBH0jxyRD34MDJ9pW+fahEnPhWFNgFhiV5TJ8nm5+pR6NEev7z9SiWhZswnDPb9w0DP7N7bw==

random-name@^0.1.2:
  version "0.1.2"
  resolved "https://registry.yarnpkg.com/random-name/-/random-name-0.1.2.tgz#20a1ad0efce9976764c5dd3c418c7018b57e816d"
  integrity sha1-IKGtDvzpl2dkxd08QYxwGLV+gW0=
